// !$*UTF8*$!
{
	archiveVersion = 1;
	classes = {
	};
	objectVersion = 46;
	objects = {

/* Begin PBXBuildFile section */
		0FE1972E1C70C7FF00C41FC7 /* WatchAuthenticator.h in Headers */ = {isa = PBXBuildFile; fileRef = 0FE1972D1C70C7FF00C41FC7 /* WatchAuthenticator.h */; settings = {ATTRIBUTES = (Public, ); }; };
		0FE197591C70D3AE00C41FC7 /* WatchConnectivity.framework in Frameworks */ = {isa = PBXBuildFile; fileRef = 0FE197581C70D3AE00C41FC7 /* WatchConnectivity.framework */; };
		0FE1975D1C70D3C700C41FC7 /* AuthenticationController.swift in Sources */ = {isa = PBXBuildFile; fileRef = 0FE1975B1C70D3C700C41FC7 /* AuthenticationController.swift */; };
		0FE1975E1C70D3C700C41FC7 /* ConnectivityController.swift in Sources */ = {isa = PBXBuildFile; fileRef = 0FE1975C1C70D3C700C41FC7 /* ConnectivityController.swift */; };
		0FE197611C70D41900C41FC7 /* WatchAuthenticatorCommonFile.swift in Sources */ = {isa = PBXBuildFile; fileRef = 0FE197601C70D41900C41FC7 /* WatchAuthenticatorCommonFile.swift */; };
/* End PBXBuildFile section */

/* Begin PBXFileReference section */
		0FE1972A1C70C7FF00C41FC7 /* WatchAuthenticator.framework */ = {isa = PBXFileReference; explicitFileType = wrapper.framework; includeInIndex = 0; path = WatchAuthenticator.framework; sourceTree = BUILT_PRODUCTS_DIR; };
		0FE1972D1C70C7FF00C41FC7 /* WatchAuthenticator.h */ = {isa = PBXFileReference; lastKnownFileType = sourcecode.c.h; path = WatchAuthenticator.h; sourceTree = "<group>"; };
		0FE1972F1C70C7FF00C41FC7 /* Info.plist */ = {isa = PBXFileReference; lastKnownFileType = text.plist.xml; path = Info.plist; sourceTree = "<group>"; };
		0FE197581C70D3AE00C41FC7 /* WatchConnectivity.framework */ = {isa = PBXFileReference; lastKnownFileType = wrapper.framework; name = WatchConnectivity.framework; path = System/Library/Frameworks/WatchConnectivity.framework; sourceTree = SDKROOT; };
		0FE1975B1C70D3C700C41FC7 /* AuthenticationController.swift */ = {isa = PBXFileReference; fileEncoding = 4; lastKnownFileType = sourcecode.swift; path = AuthenticationController.swift; sourceTree = "<group>"; };
		0FE1975C1C70D3C700C41FC7 /* ConnectivityController.swift */ = {isa = PBXFileReference; fileEncoding = 4; lastKnownFileType = sourcecode.swift; path = ConnectivityController.swift; sourceTree = "<group>"; };
		0FE197601C70D41900C41FC7 /* WatchAuthenticatorCommonFile.swift */ = {isa = PBXFileReference; fileEncoding = 4; lastKnownFileType = sourcecode.swift; path = WatchAuthenticatorCommonFile.swift; sourceTree = "<group>"; };
/* End PBXFileReference section */

/* Begin PBXFrameworksBuildPhase section */
		0FE197261C70C7FF00C41FC7 /* Frameworks */ = {
			isa = PBXFrameworksBuildPhase;
			buildActionMask = 2147483647;
			files = (
				0FE197591C70D3AE00C41FC7 /* WatchConnectivity.framework in Frameworks */,
			);
			runOnlyForDeploymentPostprocessing = 0;
		};
/* End PBXFrameworksBuildPhase section */

/* Begin PBXGroup section */
		0FE197201C70C7FF00C41FC7 = {
			isa = PBXGroup;
			children = (
				0FE1975F1C70D3E200C41FC7 /* Common */,
				0FE197581C70D3AE00C41FC7 /* WatchConnectivity.framework */,
				0FE1972C1C70C7FF00C41FC7 /* WatchAuthenticator */,
				0FE1972B1C70C7FF00C41FC7 /* Products */,
			);
			sourceTree = "<group>";
		};
		0FE1972B1C70C7FF00C41FC7 /* Products */ = {
			isa = PBXGroup;
			children = (
				0FE1972A1C70C7FF00C41FC7 /* WatchAuthenticator.framework */,
			);
			name = Products;
			sourceTree = "<group>";
		};
		0FE1972C1C70C7FF00C41FC7 /* WatchAuthenticator */ = {
			isa = PBXGroup;
			children = (
				0FE1975A1C70D3BC00C41FC7 /* Source */,
				0FE1972D1C70C7FF00C41FC7 /* WatchAuthenticator.h */,
				0FE1972F1C70C7FF00C41FC7 /* Info.plist */,
			);
			path = WatchAuthenticator;
			sourceTree = "<group>";
		};
		0FE1975A1C70D3BC00C41FC7 /* Source */ = {
			isa = PBXGroup;
			children = (
				0FE1975B1C70D3C700C41FC7 /* AuthenticationController.swift */,
				0FE1975C1C70D3C700C41FC7 /* ConnectivityController.swift */,
			);
			name = Source;
			sourceTree = "<group>";
		};
		0FE1975F1C70D3E200C41FC7 /* Common */ = {
			isa = PBXGroup;
			children = (
				0FE197601C70D41900C41FC7 /* WatchAuthenticatorCommonFile.swift */,
			);
			name = Common;
			sourceTree = "<group>";
		};
/* End PBXGroup section */

/* Begin PBXHeadersBuildPhase section */
		0FE197271C70C7FF00C41FC7 /* Headers */ = {
			isa = PBXHeadersBuildPhase;
			buildActionMask = 2147483647;
			files = (
				0FE1972E1C70C7FF00C41FC7 /* WatchAuthenticator.h in Headers */,
			);
			runOnlyForDeploymentPostprocessing = 0;
		};
/* End PBXHeadersBuildPhase section */

/* Begin PBXNativeTarget section */
		0FE197291C70C7FF00C41FC7 /* WatchAuthenticator */ = {
			isa = PBXNativeTarget;
			buildConfigurationList = 0FE197321C70C7FF00C41FC7 /* Build configuration list for PBXNativeTarget "WatchAuthenticator" */;
			buildPhases = (
				0FE197251C70C7FF00C41FC7 /* Sources */,
				0FE197261C70C7FF00C41FC7 /* Frameworks */,
				0FE197271C70C7FF00C41FC7 /* Headers */,
				0FE197281C70C7FF00C41FC7 /* Resources */,
			);
			buildRules = (
			);
			dependencies = (
			);
			name = WatchAuthenticator;
			productName = WatchAuthenticator;
			productReference = 0FE1972A1C70C7FF00C41FC7 /* WatchAuthenticator.framework */;
			productType = "com.apple.product-type.framework";
		};
/* End PBXNativeTarget section */

/* Begin PBXProject section */
		0FE197211C70C7FF00C41FC7 /* Project object */ = {
			isa = PBXProject;
			attributes = {
				LastUpgradeCheck = 0720;
				ORGANIZATIONNAME = pedromancheno;
				TargetAttributes = {
					0FE197291C70C7FF00C41FC7 = {
						CreatedOnToolsVersion = 7.2;
					};
				};
			};
			buildConfigurationList = 0FE197241C70C7FF00C41FC7 /* Build configuration list for PBXProject "WatchAuthenticator" */;
			compatibilityVersion = "Xcode 3.2";
			developmentRegion = English;
			hasScannedForEncodings = 0;
			knownRegions = (
				en,
			);
			mainGroup = 0FE197201C70C7FF00C41FC7;
			productRefGroup = 0FE1972B1C70C7FF00C41FC7 /* Products */;
			projectDirPath = "";
			projectRoot = "";
			targets = (
				0FE197291C70C7FF00C41FC7 /* WatchAuthenticator */,
			);
		};
/* End PBXProject section */

/* Begin PBXResourcesBuildPhase section */
		0FE197281C70C7FF00C41FC7 /* Resources */ = {
			isa = PBXResourcesBuildPhase;
			buildActionMask = 2147483647;
			files = (
			);
			runOnlyForDeploymentPostprocessing = 0;
		};
/* End PBXResourcesBuildPhase section */

/* Begin PBXSourcesBuildPhase section */
		0FE197251C70C7FF00C41FC7 /* Sources */ = {
			isa = PBXSourcesBuildPhase;
			buildActionMask = 2147483647;
			files = (
				0FE1975E1C70D3C700C41FC7 /* ConnectivityController.swift in Sources */,
				0FE1975D1C70D3C700C41FC7 /* AuthenticationController.swift in Sources */,
				0FE197611C70D41900C41FC7 /* WatchAuthenticatorCommonFile.swift in Sources */,
			);
			runOnlyForDeploymentPostprocessing = 0;
		};
/* End PBXSourcesBuildPhase section */

/* Begin XCBuildConfiguration section */
		0FE197301C70C7FF00C41FC7 /* Debug */ = {
			isa = XCBuildConfiguration;
			buildSettings = {
				ALWAYS_SEARCH_USER_PATHS = NO;
				CLANG_CXX_LANGUAGE_STANDARD = "gnu++0x";
				CLANG_CXX_LIBRARY = "libc++";
				CLANG_ENABLE_MODULES = YES;
				CLANG_ENABLE_OBJC_ARC = YES;
				CLANG_WARN_BOOL_CONVERSION = YES;
				CLANG_WARN_CONSTANT_CONVERSION = YES;
				CLANG_WARN_DIRECT_OBJC_ISA_USAGE = YES_ERROR;
				CLANG_WARN_EMPTY_BODY = YES;
				CLANG_WARN_ENUM_CONVERSION = YES;
				CLANG_WARN_INT_CONVERSION = YES;
				CLANG_WARN_OBJC_ROOT_CLASS = YES_ERROR;
				CLANG_WARN_UNREACHABLE_CODE = YES;
				CLANG_WARN__DUPLICATE_METHOD_MATCH = YES;
				COPY_PHASE_STRIP = NO;
				CURRENT_PROJECT_VERSION = 1;
				DEBUG_INFORMATION_FORMAT = dwarf;
				ENABLE_STRICT_OBJC_MSGSEND = YES;
				ENABLE_TESTABILITY = YES;
				GCC_C_LANGUAGE_STANDARD = gnu99;
				GCC_DYNAMIC_NO_PIC = NO;
				GCC_NO_COMMON_BLOCKS = YES;
				GCC_OPTIMIZATION_LEVEL = 0;
				GCC_PREPROCESSOR_DEFINITIONS = (
					"DEBUG=1",
					"$(inherited)",
				);
				GCC_WARN_64_TO_32_BIT_CONVERSION = YES;
				GCC_WARN_ABOUT_RETURN_TYPE = YES_ERROR;
				GCC_WARN_UNDECLARED_SELECTOR = YES;
				GCC_WARN_UNINITIALIZED_AUTOS = YES_AGGRESSIVE;
				GCC_WARN_UNUSED_FUNCTION = YES;
				GCC_WARN_UNUSED_VARIABLE = YES;
				MTL_ENABLE_DEBUG_INFO = YES;
				ONLY_ACTIVE_ARCH = YES;
				SDKROOT = watchos;
				SWIFT_OPTIMIZATION_LEVEL = "-Onone";
				TARGETED_DEVICE_FAMILY = 4;
				VERSIONING_SYSTEM = "apple-generic";
				VERSION_INFO_PREFIX = "";
				WATCHOS_DEPLOYMENT_TARGET = 2.1;
			};
			name = Debug;
		};
		0FE197311C70C7FF00C41FC7 /* Release */ = {
			isa = XCBuildConfiguration;
			buildSettings = {
				ALWAYS_SEARCH_USER_PATHS = NO;
				CLANG_CXX_LANGUAGE_STANDARD = "gnu++0x";
				CLANG_CXX_LIBRARY = "libc++";
				CLANG_ENABLE_MODULES = YES;
				CLANG_ENABLE_OBJC_ARC = YES;
				CLANG_WARN_BOOL_CONVERSION = YES;
				CLANG_WARN_CONSTANT_CONVERSION = YES;
				CLANG_WARN_DIRECT_OBJC_ISA_USAGE = YES_ERROR;
				CLANG_WARN_EMPTY_BODY = YES;
				CLANG_WARN_ENUM_CONVERSION = YES;
				CLANG_WARN_INT_CONVERSION = YES;
				CLANG_WARN_OBJC_ROOT_CLASS = YES_ERROR;
				CLANG_WARN_UNREACHABLE_CODE = YES;
				CLANG_WARN__DUPLICATE_METHOD_MATCH = YES;
				COPY_PHASE_STRIP = NO;
				CURRENT_PROJECT_VERSION = 1;
				DEBUG_INFORMATION_FORMAT = "dwarf-with-dsym";
				ENABLE_NS_ASSERTIONS = NO;
				ENABLE_STRICT_OBJC_MSGSEND = YES;
				GCC_C_LANGUAGE_STANDARD = gnu99;
				GCC_NO_COMMON_BLOCKS = YES;
				GCC_WARN_64_TO_32_BIT_CONVERSION = YES;
				GCC_WARN_ABOUT_RETURN_TYPE = YES_ERROR;
				GCC_WARN_UNDECLARED_SELECTOR = YES;
				GCC_WARN_UNINITIALIZED_AUTOS = YES_AGGRESSIVE;
				GCC_WARN_UNUSED_FUNCTION = YES;
				GCC_WARN_UNUSED_VARIABLE = YES;
				MTL_ENABLE_DEBUG_INFO = NO;
				SDKROOT = watchos;
				TARGETED_DEVICE_FAMILY = 4;
				VALIDATE_PRODUCT = YES;
				VERSIONING_SYSTEM = "apple-generic";
				VERSION_INFO_PREFIX = "";
				WATCHOS_DEPLOYMENT_TARGET = 2.1;
			};
			name = Release;
		};
		0FE197331C70C7FF00C41FC7 /* Debug */ = {
			isa = XCBuildConfiguration;
			buildSettings = {
				APPLICATION_EXTENSION_API_ONLY = YES;
				CLANG_ENABLE_MODULES = YES;
				DEFINES_MODULE = YES;
				DYLIB_COMPATIBILITY_VERSION = 1;
				DYLIB_CURRENT_VERSION = 1;
				DYLIB_INSTALL_NAME_BASE = "@rpath";
				INFOPLIST_FILE = WatchAuthenticator/Info.plist;
				INSTALL_PATH = "$(LOCAL_LIBRARY_DIR)/Frameworks";
				LD_RUNPATH_SEARCH_PATHS = "$(inherited) @executable_path/Frameworks @loader_path/Frameworks";
				PRODUCT_BUNDLE_IDENTIFIER = com.pedromancheno.WatchAuthenticator;
				PRODUCT_NAME = "$(TARGET_NAME)";
				SKIP_INSTALL = YES;
				SWIFT_OPTIMIZATION_LEVEL = "-Onone";
			};
			name = Debug;
		};
		0FE197341C70C7FF00C41FC7 /* Release */ = {
			isa = XCBuildConfiguration;
			buildSettings = {
				APPLICATION_EXTENSION_API_ONLY = YES;
				CLANG_ENABLE_MODULES = YES;
				DEFINES_MODULE = YES;
				DYLIB_COMPATIBILITY_VERSION = 1;
				DYLIB_CURRENT_VERSION = 1;
				DYLIB_INSTALL_NAME_BASE = "@rpath";
				INFOPLIST_FILE = WatchAuthenticator/Info.plist;
				INSTALL_PATH = "$(LOCAL_LIBRARY_DIR)/Frameworks";
				LD_RUNPATH_SEARCH_PATHS = "$(inherited) @executable_path/Frameworks @loader_path/Frameworks";
				PRODUCT_BUNDLE_IDENTIFIER = com.pedromancheno.WatchAuthenticator;
				PRODUCT_NAME = "$(TARGET_NAME)";
				SKIP_INSTALL = YES;
			};
			name = Release;
		};
/* End XCBuildConfiguration section */

/* Begin XCConfigurationList section */
		0FE197241C70C7FF00C41FC7 /* Build configuration list for PBXProject "WatchAuthenticator" */ = {
			isa = XCConfigurationList;
			buildConfigurations = (
				0FE197301C70C7FF00C41FC7 /* Debug */,
				0FE197311C70C7FF00C41FC7 /* Release */,
			);
			defaultConfigurationIsVisible = 0;
			defaultConfigurationName = Release;
		};
		0FE197321C70C7FF00C41FC7 /* Build configuration list for PBXNativeTarget "WatchAuthenticator" */ = {
			isa = XCConfigurationList;
			buildConfigurations = (
				0FE197331C70C7FF00C41FC7 /* Debug */,
				0FE197341C70C7FF00C41FC7 /* Release */,
			);
			defaultConfigurationIsVisible = 0;
			defaultConfigurationName = Release;
		};
/* End XCConfigurationList section */
	};
	rootObject = 0FE197211C70C7FF00C41FC7 /* Project object */;
}
